
Microsoft Visual Studio Solution File, Format Version 12.00
Project("{FAE04EC0-301F-11D3-BF4B-00C04F79EFBC}") = "LBinarySerializer", "src\LBinarySerializer\LBinarySerializer.csproj", "{D5515142-B708-4BAE-9059-B0D727F18088}"
EndProject
Project("{FAE04EC0-301F-11D3-BF4B-00C04F79EFBC}") = "LBinarySerializer.Tests", "src\LBinarySerializer.Tests\LBinarySerializer.Tests.csproj", "{DD01ED40-CD67-49EB-A452-5325FE1073B2}"
EndProject
Project("{FAE04EC0-301F-11D3-BF4B-00C04F79EFBC}") = "LBinarySerializer.PerformanceTests", "src\LBinarySerializer.PerformanceTests\LBinarySerializer.PerformanceTests.csproj", "{F0373D1A-0F68-4995-927B-2BDFFFA71151}"
EndProject
Global
	GlobalSection(SolutionConfigurationPlatforms) = preSolution
		Debug|Any CPU = Debug|Any CPU
		Release|Any CPU = Release|Any CPU
	EndGlobalSection
	GlobalSection(ProjectConfigurationPlatforms) = postSolution
		{D5515142-B708-4BAE-9059-B0D727F18088}.Debug|Any CPU.ActiveCfg = Debug|Any CPU
		{D5515142-B708-4BAE-9059-B0D727F18088}.Debug|Any CPU.Build.0 = Debug|Any CPU
		{D5515142-B708-4BAE-9059-B0D727F18088}.Release|Any CPU.ActiveCfg = Release|Any CPU
		{D5515142-B708-4BAE-9059-B0D727F18088}.Release|Any CPU.Build.0 = Release|Any CPU
		{DD01ED40-CD67-49EB-A452-5325FE1073B2}.Debug|Any CPU.ActiveCfg = Debug|Any CPU
		{DD01ED40-CD67-49EB-A452-5325FE1073B2}.Debug|Any CPU.Build.0 = Debug|Any CPU
		{DD01ED40-CD67-49EB-A452-5325FE1073B2}.Release|Any CPU.ActiveCfg = Release|Any CPU
		{DD01ED40-CD67-49EB-A452-5325FE1073B2}.Release|Any CPU.Build.0 = Release|Any CPU
		{F0373D1A-0F68-4995-927B-2BDFFFA71151}.Debug|Any CPU.ActiveCfg = Debug|Any CPU
		{F0373D1A-0F68-4995-927B-2BDFFFA71151}.Debug|Any CPU.Build.0 = Debug|Any CPU
		{F0373D1A-0F68-4995-927B-2BDFFFA71151}.Release|Any CPU.ActiveCfg = Release|Any CPU
		{F0373D1A-0F68-4995-927B-2BDFFFA71151}.Release|Any CPU.Build.0 = Release|Any CPU
	EndGlobalSection
EndGlobal
